// !$*UTF8*$!
{
	archiveVersion = 1;
	classes = {
	};
	objectVersion = 55;
	objects = {

/* Begin PBXBuildFile section */
		7BA532DF2735E64500CBE2C4 /* InsightOutApp.swift in Sources */ = {isa = PBXBuildFile; fileRef = 7BA532CF2735E63D00CBE2C4 /* InsightOutApp.swift */; };
		7BA532E02735E64500CBE2C4 /* InsightOutApp.swift in Sources */ = {isa = PBXBuildFile; fileRef = 7BA532CF2735E63D00CBE2C4 /* InsightOutApp.swift */; };
		7BA532E12735E64500CBE2C4 /* ContentView.swift in Sources */ = {isa = PBXBuildFile; fileRef = 7BA532D02735E63D00CBE2C4 /* ContentView.swift */; };
		7BA532E22735E64500CBE2C4 /* ContentView.swift in Sources */ = {isa = PBXBuildFile; fileRef = 7BA532D02735E63D00CBE2C4 /* ContentView.swift */; };
		7BA532E32735E64500CBE2C4 /* Assets.xcassets in Resources */ = {isa = PBXBuildFile; fileRef = 7BA532D12735E64500CBE2C4 /* Assets.xcassets */; };
		7BA532E42735E64500CBE2C4 /* Assets.xcassets in Resources */ = {isa = PBXBuildFile; fileRef = 7BA532D12735E64500CBE2C4 /* Assets.xcassets */; };
		7BA532F4273604AE00CBE2C4 /* InsightOut in Frameworks */ = {isa = PBXBuildFile; productRef = 7BA532F3273604AE00CBE2C4 /* InsightOut */; };
		7BADC1E627373B6C0038FA31 /* MonthView.swift in Sources */ = {isa = PBXBuildFile; fileRef = 7BADC1E527373B6C0038FA31 /* MonthView.swift */; };
		7BADC1E727373B6C0038FA31 /* MonthView.swift in Sources */ = {isa = PBXBuildFile; fileRef = 7BADC1E527373B6C0038FA31 /* MonthView.swift */; };
		7BE3F203273782F700FD72B4 /* Loader.swift in Sources */ = {isa = PBXBuildFile; fileRef = 7BE3F202273782F700FD72B4 /* Loader.swift */; };
		7BE3F204273782F700FD72B4 /* Loader.swift in Sources */ = {isa = PBXBuildFile; fileRef = 7BE3F202273782F700FD72B4 /* Loader.swift */; };
		CDA45CF9273744E00025056F /* OverviewView.swift in Sources */ = {isa = PBXBuildFile; fileRef = CDA45CF6273744E00025056F /* OverviewView.swift */; };
		CDA45CFA273744E00025056F /* OverviewView.swift in Sources */ = {isa = PBXBuildFile; fileRef = CDA45CF6273744E00025056F /* OverviewView.swift */; };
		CDA45CFB273744E00025056F /* TabViewNavigation.swift in Sources */ = {isa = PBXBuildFile; fileRef = CDA45CF7273744E00025056F /* TabViewNavigation.swift */; };
		CDA45CFC273744E00025056F /* TabViewNavigation.swift in Sources */ = {isa = PBXBuildFile; fileRef = CDA45CF7273744E00025056F /* TabViewNavigation.swift */; };
		CDA45CFD273744E00025056F /* HomeView.swift in Sources */ = {isa = PBXBuildFile; fileRef = CDA45CF8273744E00025056F /* HomeView.swift */; };
		CDA45CFE273744E00025056F /* HomeView.swift in Sources */ = {isa = PBXBuildFile; fileRef = CDA45CF8273744E00025056F /* HomeView.swift */; };
		CDF2C89E273736820071571E /* EmotionsOfTheDayView.swift in Sources */ = {isa = PBXBuildFile; fileRef = CDF2C89B273736820071571E /* EmotionsOfTheDayView.swift */; };
		CDF2C89F273736820071571E /* EmotionsOfTheDayView.swift in Sources */ = {isa = PBXBuildFile; fileRef = CDF2C89B273736820071571E /* EmotionsOfTheDayView.swift */; };
		E128FB342736113C002D02BF /* EmojiIcon.swift in Sources */ = {isa = PBXBuildFile; fileRef = E128FB332736113C002D02BF /* EmojiIcon.swift */; };
		E128FB352736113C002D02BF /* EmojiIcon.swift in Sources */ = {isa = PBXBuildFile; fileRef = E128FB332736113C002D02BF /* EmojiIcon.swift */; };
		E1F114622736F46F007BFCEE /* EmojiPieChartSlice.swift in Sources */ = {isa = PBXBuildFile; fileRef = E1F114612736F46F007BFCEE /* EmojiPieChartSlice.swift */; };
		E1F114632736F46F007BFCEE /* EmojiPieChartSlice.swift in Sources */ = {isa = PBXBuildFile; fileRef = E1F114612736F46F007BFCEE /* EmojiPieChartSlice.swift */; };
		E1F114652736F530007BFCEE /* ChartData.swift in Sources */ = {isa = PBXBuildFile; fileRef = E1F114642736F530007BFCEE /* ChartData.swift */; };
		E1F114662736F530007BFCEE /* ChartData.swift in Sources */ = {isa = PBXBuildFile; fileRef = E1F114642736F530007BFCEE /* ChartData.swift */; };
		E1F114682736F5EA007BFCEE /* EmojiPieChart.swift in Sources */ = {isa = PBXBuildFile; fileRef = E1F114672736F5EA007BFCEE /* EmojiPieChart.swift */; };
		E1F114692736F5EA007BFCEE /* EmojiPieChart.swift in Sources */ = {isa = PBXBuildFile; fileRef = E1F114672736F5EA007BFCEE /* EmojiPieChart.swift */; };
		E1F1146B2736F690007BFCEE /* PieChartHelper.swift in Sources */ = {isa = PBXBuildFile; fileRef = E1F1146A2736F690007BFCEE /* PieChartHelper.swift */; };
		E1F1146C2736F690007BFCEE /* PieChartHelper.swift in Sources */ = {isa = PBXBuildFile; fileRef = E1F1146A2736F690007BFCEE /* PieChartHelper.swift */; };
		E1F114712736FBE9007BFCEE /* EmojiWheel.swift in Sources */ = {isa = PBXBuildFile; fileRef = E1F114702736FBE9007BFCEE /* EmojiWheel.swift */; };
		E1F114722736FBE9007BFCEE /* EmojiWheel.swift in Sources */ = {isa = PBXBuildFile; fileRef = E1F114702736FBE9007BFCEE /* EmojiWheel.swift */; };
		E1F11475273729AE007BFCEE /* MoodStatusFace.swift in Sources */ = {isa = PBXBuildFile; fileRef = E1F11474273729AD007BFCEE /* MoodStatusFace.swift */; };
		E1F11476273729AE007BFCEE /* MoodStatusFace.swift in Sources */ = {isa = PBXBuildFile; fileRef = E1F11474273729AD007BFCEE /* MoodStatusFace.swift */; };
		E1F11478273737AC007BFCEE /* WeekView.swift in Sources */ = {isa = PBXBuildFile; fileRef = E1F11477273737AC007BFCEE /* WeekView.swift */; };
		E1F11479273737AC007BFCEE /* WeekView.swift in Sources */ = {isa = PBXBuildFile; fileRef = E1F11477273737AC007BFCEE /* WeekView.swift */; };
		E1F1147B27373893007BFCEE /* WeekPieChartSlice.swift in Sources */ = {isa = PBXBuildFile; fileRef = E1F1147A27373893007BFCEE /* WeekPieChartSlice.swift */; };
		E1F1147C27373893007BFCEE /* WeekPieChartSlice.swift in Sources */ = {isa = PBXBuildFile; fileRef = E1F1147A27373893007BFCEE /* WeekPieChartSlice.swift */; };
		E1F1147F27373981007BFCEE /* WeekPieChart.swift in Sources */ = {isa = PBXBuildFile; fileRef = E1F1147E27373981007BFCEE /* WeekPieChart.swift */; };
		E1F1148027373981007BFCEE /* WeekPieChart.swift in Sources */ = {isa = PBXBuildFile; fileRef = E1F1147E27373981007BFCEE /* WeekPieChart.swift */; };
		E1F1148227373EDE007BFCEE /* WeekPieChartLegend.swift in Sources */ = {isa = PBXBuildFile; fileRef = E1F1148127373EDE007BFCEE /* WeekPieChartLegend.swift */; };
		E1F1148327373EDE007BFCEE /* WeekPieChartLegend.swift in Sources */ = {isa = PBXBuildFile; fileRef = E1F1148127373EDE007BFCEE /* WeekPieChartLegend.swift */; };
/* End PBXBuildFile section */

/* Begin PBXFileReference section */
		7BA532CF2735E63D00CBE2C4 /* InsightOutApp.swift */ = {isa = PBXFileReference; lastKnownFileType = sourcecode.swift; path = InsightOutApp.swift; sourceTree = "<group>"; };
		7BA532D02735E63D00CBE2C4 /* ContentView.swift */ = {isa = PBXFileReference; lastKnownFileType = sourcecode.swift; path = ContentView.swift; sourceTree = "<group>"; };
		7BA532D12735E64500CBE2C4 /* Assets.xcassets */ = {isa = PBXFileReference; lastKnownFileType = folder.assetcatalog; path = Assets.xcassets; sourceTree = "<group>"; };
		7BA532D62735E64500CBE2C4 /* InsightOut.app */ = {isa = PBXFileReference; explicitFileType = wrapper.application; includeInIndex = 0; path = InsightOut.app; sourceTree = BUILT_PRODUCTS_DIR; };
		7BA532DC2735E64500CBE2C4 /* InsightOut.app */ = {isa = PBXFileReference; explicitFileType = wrapper.application; includeInIndex = 0; path = InsightOut.app; sourceTree = BUILT_PRODUCTS_DIR; };
		7BA532DE2735E64500CBE2C4 /* macOS.entitlements */ = {isa = PBXFileReference; lastKnownFileType = text.plist.entitlements; path = macOS.entitlements; sourceTree = "<group>"; };
		7BA532F12736027F00CBE2C4 /* InsightOut */ = {isa = PBXFileReference; lastKnownFileType = folder; name = InsightOut; path = ..; sourceTree = "<group>"; };
		7BADC1E527373B6C0038FA31 /* MonthView.swift */ = {isa = PBXFileReference; lastKnownFileType = sourcecode.swift; path = MonthView.swift; sourceTree = "<group>"; };
		7BE3F202273782F700FD72B4 /* Loader.swift */ = {isa = PBXFileReference; lastKnownFileType = sourcecode.swift; path = Loader.swift; sourceTree = "<group>"; };
		CDA45CF6273744E00025056F /* OverviewView.swift */ = {isa = PBXFileReference; fileEncoding = 4; lastKnownFileType = sourcecode.swift; path = OverviewView.swift; sourceTree = "<group>"; };
		CDA45CF7273744E00025056F /* TabViewNavigation.swift */ = {isa = PBXFileReference; fileEncoding = 4; lastKnownFileType = sourcecode.swift; path = TabViewNavigation.swift; sourceTree = "<group>"; };
		CDA45CF8273744E00025056F /* HomeView.swift */ = {isa = PBXFileReference; fileEncoding = 4; lastKnownFileType = sourcecode.swift; path = HomeView.swift; sourceTree = "<group>"; };
		CDF2C89B273736820071571E /* EmotionsOfTheDayView.swift */ = {isa = PBXFileReference; fileEncoding = 4; lastKnownFileType = sourcecode.swift; path = EmotionsOfTheDayView.swift; sourceTree = "<group>"; };
		E128FB332736113C002D02BF /* EmojiIcon.swift */ = {isa = PBXFileReference; lastKnownFileType = sourcecode.swift; path = EmojiIcon.swift; sourceTree = "<group>"; };
		E1F114612736F46F007BFCEE /* EmojiPieChartSlice.swift */ = {isa = PBXFileReference; lastKnownFileType = sourcecode.swift; path = EmojiPieChartSlice.swift; sourceTree = "<group>"; };
		E1F114642736F530007BFCEE /* ChartData.swift */ = {isa = PBXFileReference; lastKnownFileType = sourcecode.swift; path = ChartData.swift; sourceTree = "<group>"; };
		E1F114672736F5EA007BFCEE /* EmojiPieChart.swift */ = {isa = PBXFileReference; lastKnownFileType = sourcecode.swift; path = EmojiPieChart.swift; sourceTree = "<group>"; };
		E1F1146A2736F690007BFCEE /* PieChartHelper.swift */ = {isa = PBXFileReference; lastKnownFileType = sourcecode.swift; path = PieChartHelper.swift; sourceTree = "<group>"; };
		E1F114702736FBE9007BFCEE /* EmojiWheel.swift */ = {isa = PBXFileReference; lastKnownFileType = sourcecode.swift; path = EmojiWheel.swift; sourceTree = "<group>"; };
		E1F11474273729AD007BFCEE /* MoodStatusFace.swift */ = {isa = PBXFileReference; lastKnownFileType = sourcecode.swift; path = MoodStatusFace.swift; sourceTree = "<group>"; };
		E1F11477273737AC007BFCEE /* WeekView.swift */ = {isa = PBXFileReference; lastKnownFileType = sourcecode.swift; path = WeekView.swift; sourceTree = "<group>"; };
		E1F1147A27373893007BFCEE /* WeekPieChartSlice.swift */ = {isa = PBXFileReference; lastKnownFileType = sourcecode.swift; path = WeekPieChartSlice.swift; sourceTree = "<group>"; };
		E1F1147E27373981007BFCEE /* WeekPieChart.swift */ = {isa = PBXFileReference; lastKnownFileType = sourcecode.swift; path = WeekPieChart.swift; sourceTree = "<group>"; };
		E1F1148127373EDE007BFCEE /* WeekPieChartLegend.swift */ = {isa = PBXFileReference; lastKnownFileType = sourcecode.swift; path = WeekPieChartLegend.swift; sourceTree = "<group>"; };
/* End PBXFileReference section */

/* Begin PBXFrameworksBuildPhase section */
		7BA532D32735E64500CBE2C4 /* Frameworks */ = {
			isa = PBXFrameworksBuildPhase;
			buildActionMask = 2147483647;
			files = (
				7BA532F4273604AE00CBE2C4 /* InsightOut in Frameworks */,
			);
			runOnlyForDeploymentPostprocessing = 0;
		};
		7BA532D92735E64500CBE2C4 /* Frameworks */ = {
			isa = PBXFrameworksBuildPhase;
			buildActionMask = 2147483647;
			files = (
			);
			runOnlyForDeploymentPostprocessing = 0;
		};
/* End PBXFrameworksBuildPhase section */

/* Begin PBXGroup section */
		7BA532C92735E63D00CBE2C4 = {
			isa = PBXGroup;
			children = (
				7BA532ED2735E75700CBE2C4 /* Packages */,
				7BA532CE2735E63D00CBE2C4 /* Shared */,
				7BA532DD2735E64500CBE2C4 /* macOS */,
				7BA532D72735E64500CBE2C4 /* Products */,
				7BA532F2273604AE00CBE2C4 /* Frameworks */,
			);
			sourceTree = "<group>";
		};
		7BA532CE2735E63D00CBE2C4 /* Shared */ = {
			isa = PBXGroup;
			children = (
				7BA532CF2735E63D00CBE2C4 /* InsightOutApp.swift */,
				7BE3F202273782F700FD72B4 /* Loader.swift */,
				7BA532D02735E63D00CBE2C4 /* ContentView.swift */,
				CDA45CFF273744E70025056F /* Screens */,
				E128FB332736113C002D02BF /* EmojiIcon.swift */,
				E1F11474273729AD007BFCEE /* MoodStatusFace.swift */,
				CDF2C899273736820071571E /* EmotionsOfTheDay */,
				E1F1147D27373913007BFCEE /* Weekly Pie Chart */,
				E1F11473273701DC007BFCEE /* EmojiWheel */,
				7BA532D12735E64500CBE2C4 /* Assets.xcassets */,
				7BADC1E527373B6C0038FA31 /* MonthView.swift */,
			);
			path = Shared;
			sourceTree = "<group>";
		};
		7BA532D72735E64500CBE2C4 /* Products */ = {
			isa = PBXGroup;
			children = (
				7BA532D62735E64500CBE2C4 /* InsightOut.app */,
				7BA532DC2735E64500CBE2C4 /* InsightOut.app */,
			);
			name = Products;
			sourceTree = "<group>";
		};
		7BA532DD2735E64500CBE2C4 /* macOS */ = {
			isa = PBXGroup;
			children = (
				7BA532DE2735E64500CBE2C4 /* macOS.entitlements */,
			);
			path = macOS;
			sourceTree = "<group>";
		};
		7BA532ED2735E75700CBE2C4 /* Packages */ = {
			isa = PBXGroup;
			children = (
				7BA532F12736027F00CBE2C4 /* InsightOut */,
			);
			name = Packages;
			sourceTree = "<group>";
		};
		7BA532F2273604AE00CBE2C4 /* Frameworks */ = {
			isa = PBXGroup;
			children = (
			);
			name = Frameworks;
			sourceTree = "<group>";
		};
		CDA45CFF273744E70025056F /* Screens */ = {
			isa = PBXGroup;
			children = (
				CDA45CF8273744E00025056F /* HomeView.swift */,
				CDA45CF6273744E00025056F /* OverviewView.swift */,
				CDA45CF7273744E00025056F /* TabViewNavigation.swift */,
			);
			path = Screens;
			sourceTree = "<group>";
		};
		CDF2C899273736820071571E /* EmotionsOfTheDay */ = {
			isa = PBXGroup;
			children = (
				CDF2C89B273736820071571E /* EmotionsOfTheDayView.swift */,
			);
			path = EmotionsOfTheDay;
			sourceTree = "<group>";
		};
		E1F11473273701DC007BFCEE /* EmojiWheel */ = {
			isa = PBXGroup;
			children = (
				E1F114702736FBE9007BFCEE /* EmojiWheel.swift */,
				E1F114672736F5EA007BFCEE /* EmojiPieChart.swift */,
				E1F114612736F46F007BFCEE /* EmojiPieChartSlice.swift */,
				E1F1146A2736F690007BFCEE /* PieChartHelper.swift */,
				E1F114642736F530007BFCEE /* ChartData.swift */,
			);
			path = EmojiWheel;
			sourceTree = "<group>";
		};
		E1F1147D27373913007BFCEE /* Weekly Pie Chart */ = {
			isa = PBXGroup;
			children = (
				E1F11477273737AC007BFCEE /* WeekView.swift */,
				E1F1147E27373981007BFCEE /* WeekPieChart.swift */,
				E1F1148127373EDE007BFCEE /* WeekPieChartLegend.swift */,
				E1F1147A27373893007BFCEE /* WeekPieChartSlice.swift */,
			);
			path = "Weekly Pie Chart";
			sourceTree = "<group>";
		};
/* End PBXGroup section */

/* Begin PBXNativeTarget section */
		7BA532D52735E64500CBE2C4 /* InsightOut (iOS) */ = {
			isa = PBXNativeTarget;
			buildConfigurationList = 7BA532E72735E64500CBE2C4 /* Build configuration list for PBXNativeTarget "InsightOut (iOS)" */;
			buildPhases = (
				7BA532D22735E64500CBE2C4 /* Sources */,
				7BA532D32735E64500CBE2C4 /* Frameworks */,
				7BA532D42735E64500CBE2C4 /* Resources */,
			);
			buildRules = (
			);
			dependencies = (
			);
			name = "InsightOut (iOS)";
			packageProductDependencies = (
				7BA532F3273604AE00CBE2C4 /* InsightOut */,
			);
			productName = "InsightOut (iOS)";
			productReference = 7BA532D62735E64500CBE2C4 /* InsightOut.app */;
			productType = "com.apple.product-type.application";
		};
		7BA532DB2735E64500CBE2C4 /* InsightOut (macOS) */ = {
			isa = PBXNativeTarget;
			buildConfigurationList = 7BA532EA2735E64500CBE2C4 /* Build configuration list for PBXNativeTarget "InsightOut (macOS)" */;
			buildPhases = (
				7BA532D82735E64500CBE2C4 /* Sources */,
				7BA532D92735E64500CBE2C4 /* Frameworks */,
				7BA532DA2735E64500CBE2C4 /* Resources */,
			);
			buildRules = (
			);
			dependencies = (
			);
			name = "InsightOut (macOS)";
			productName = "InsightOut (macOS)";
			productReference = 7BA532DC2735E64500CBE2C4 /* InsightOut.app */;
			productType = "com.apple.product-type.application";
		};
/* End PBXNativeTarget section */

/* Begin PBXProject section */
		7BA532CA2735E63D00CBE2C4 /* Project object */ = {
			isa = PBXProject;
			attributes = {
				BuildIndependentTargetsInParallel = 1;
				LastSwiftUpdateCheck = 1300;
				LastUpgradeCheck = 1300;
				TargetAttributes = {
					7BA532D52735E64500CBE2C4 = {
						CreatedOnToolsVersion = 13.0;
					};
					7BA532DB2735E64500CBE2C4 = {
						CreatedOnToolsVersion = 13.0;
					};
				};
			};
			buildConfigurationList = 7BA532CD2735E63D00CBE2C4 /* Build configuration list for PBXProject "InsightOut" */;
			compatibilityVersion = "Xcode 13.0";
			developmentRegion = en;
			hasScannedForEncodings = 0;
			knownRegions = (
				en,
				Base,
			);
			mainGroup = 7BA532C92735E63D00CBE2C4;
			productRefGroup = 7BA532D72735E64500CBE2C4 /* Products */;
			projectDirPath = "";
			projectRoot = "";
			targets = (
				7BA532D52735E64500CBE2C4 /* InsightOut (iOS) */,
				7BA532DB2735E64500CBE2C4 /* InsightOut (macOS) */,
			);
		};
/* End PBXProject section */

/* Begin PBXResourcesBuildPhase section */
		7BA532D42735E64500CBE2C4 /* Resources */ = {
			isa = PBXResourcesBuildPhase;
			buildActionMask = 2147483647;
			files = (
				7BA532E32735E64500CBE2C4 /* Assets.xcassets in Resources */,
			);
			runOnlyForDeploymentPostprocessing = 0;
		};
		7BA532DA2735E64500CBE2C4 /* Resources */ = {
			isa = PBXResourcesBuildPhase;
			buildActionMask = 2147483647;
			files = (
				7BA532E42735E64500CBE2C4 /* Assets.xcassets in Resources */,
			);
			runOnlyForDeploymentPostprocessing = 0;
		};
/* End PBXResourcesBuildPhase section */

/* Begin PBXSourcesBuildPhase section */
		7BA532D22735E64500CBE2C4 /* Sources */ = {
			isa = PBXSourcesBuildPhase;
			buildActionMask = 2147483647;
			files = (
				7BADC1E627373B6C0038FA31 /* MonthView.swift in Sources */,
				7BA532E12735E64500CBE2C4 /* ContentView.swift in Sources */,
				CDA45CFD273744E00025056F /* HomeView.swift in Sources */,
				E1F11475273729AE007BFCEE /* MoodStatusFace.swift in Sources */,
				E1F114652736F530007BFCEE /* ChartData.swift in Sources */,
				E1F1146B2736F690007BFCEE /* PieChartHelper.swift in Sources */,
				CDA45CFB273744E00025056F /* TabViewNavigation.swift in Sources */,
				E1F1147F27373981007BFCEE /* WeekPieChart.swift in Sources */,
				7BE3F203273782F700FD72B4 /* Loader.swift in Sources */,
				E1F1146B2736F690007BFCEE /* PieChartHelper.swift in Sources */,
				7BA532DF2735E64500CBE2C4 /* InsightOutApp.swift in Sources */,
				CDF2C89E273736820071571E /* EmotionsOfTheDayView.swift in Sources */,
				E1F114712736FBE9007BFCEE /* EmojiWheel.swift in Sources */,
				CDA45CF9273744E00025056F /* OverviewView.swift in Sources */,
				E1F114682736F5EA007BFCEE /* EmojiPieChart.swift in Sources */,
				E1F114622736F46F007BFCEE /* EmojiPieChartSlice.swift in Sources */,
				E1F11478273737AC007BFCEE /* WeekView.swift in Sources */,
				E1F114682736F5EA007BFCEE /* EmojiPieChart.swift in Sources */,
				E1F114622736F46F007BFCEE /* EmojiPieChartSlice.swift in Sources */,
				E128FB342736113C002D02BF /* EmojiIcon.swift in Sources */,
				E1F1148227373EDE007BFCEE /* WeekPieChartLegend.swift in Sources */,
				E1F1147B27373893007BFCEE /* WeekPieChartSlice.swift in Sources */,
			);
			runOnlyForDeploymentPostprocessing = 0;
		};
		7BA532D82735E64500CBE2C4 /* Sources */ = {
			isa = PBXSourcesBuildPhase;
			buildActionMask = 2147483647;
			files = (
				7BADC1E727373B6C0038FA31 /* MonthView.swift in Sources */,
				7BA532E22735E64500CBE2C4 /* ContentView.swift in Sources */,
				CDA45CFE273744E00025056F /* HomeView.swift in Sources */,
				E1F11476273729AE007BFCEE /* MoodStatusFace.swift in Sources */,
				E1F1146C2736F690007BFCEE /* PieChartHelper.swift in Sources */,
				CDA45CFC273744E00025056F /* TabViewNavigation.swift in Sources */,
				E1F1148027373981007BFCEE /* WeekPieChart.swift in Sources */,
				E1F114662736F530007BFCEE /* ChartData.swift in Sources */,
				7BE3F204273782F700FD72B4 /* Loader.swift in Sources */,
				E1F1146C2736F690007BFCEE /* PieChartHelper.swift in Sources */,
				7BA532E02735E64500CBE2C4 /* InsightOutApp.swift in Sources */,
				CDF2C89F273736820071571E /* EmotionsOfTheDayView.swift in Sources */,
				E1F114722736FBE9007BFCEE /* EmojiWheel.swift in Sources */,
				CDA45CFA273744E00025056F /* OverviewView.swift in Sources */,
				E1F114692736F5EA007BFCEE /* EmojiPieChart.swift in Sources */,
				E1F114632736F46F007BFCEE /* EmojiPieChartSlice.swift in Sources */,
				E1F11479273737AC007BFCEE /* WeekView.swift in Sources */,
				E1F114692736F5EA007BFCEE /* EmojiPieChart.swift in Sources */,
				E1F114632736F46F007BFCEE /* EmojiPieChartSlice.swift in Sources */,
				E128FB352736113C002D02BF /* EmojiIcon.swift in Sources */,
				E1F1148327373EDE007BFCEE /* WeekPieChartLegend.swift in Sources */,
				E1F1147C27373893007BFCEE /* WeekPieChartSlice.swift in Sources */,
			);
			runOnlyForDeploymentPostprocessing = 0;
		};
/* End PBXSourcesBuildPhase section */

/* Begin XCBuildConfiguration section */
		7BA532E52735E64500CBE2C4 /* Debug */ = {
			isa = XCBuildConfiguration;
			buildSettings = {
				ALWAYS_SEARCH_USER_PATHS = NO;
				CLANG_ANALYZER_NONNULL = YES;
				CLANG_ANALYZER_NUMBER_OBJECT_CONVERSION = YES_AGGRESSIVE;
				CLANG_CXX_LANGUAGE_STANDARD = "gnu++17";
				CLANG_CXX_LIBRARY = "libc++";
				CLANG_ENABLE_MODULES = YES;
				CLANG_ENABLE_OBJC_ARC = YES;
				CLANG_ENABLE_OBJC_WEAK = YES;
				CLANG_WARN_BLOCK_CAPTURE_AUTORELEASING = YES;
				CLANG_WARN_BOOL_CONVERSION = YES;
				CLANG_WARN_COMMA = YES;
				CLANG_WARN_CONSTANT_CONVERSION = YES;
				CLANG_WARN_DEPRECATED_OBJC_IMPLEMENTATIONS = YES;
				CLANG_WARN_DIRECT_OBJC_ISA_USAGE = YES_ERROR;
				CLANG_WARN_DOCUMENTATION_COMMENTS = YES;
				CLANG_WARN_EMPTY_BODY = YES;
				CLANG_WARN_ENUM_CONVERSION = YES;
				CLANG_WARN_INFINITE_RECURSION = YES;
				CLANG_WARN_INT_CONVERSION = YES;
				CLANG_WARN_NON_LITERAL_NULL_CONVERSION = YES;
				CLANG_WARN_OBJC_IMPLICIT_RETAIN_SELF = YES;
				CLANG_WARN_OBJC_LITERAL_CONVERSION = YES;
				CLANG_WARN_OBJC_ROOT_CLASS = YES_ERROR;
				CLANG_WARN_QUOTED_INCLUDE_IN_FRAMEWORK_HEADER = YES;
				CLANG_WARN_RANGE_LOOP_ANALYSIS = YES;
				CLANG_WARN_STRICT_PROTOTYPES = YES;
				CLANG_WARN_SUSPICIOUS_MOVE = YES;
				CLANG_WARN_UNGUARDED_AVAILABILITY = YES_AGGRESSIVE;
				CLANG_WARN_UNREACHABLE_CODE = YES;
				CLANG_WARN__DUPLICATE_METHOD_MATCH = YES;
				COPY_PHASE_STRIP = NO;
				DEBUG_INFORMATION_FORMAT = dwarf;
				ENABLE_STRICT_OBJC_MSGSEND = YES;
				ENABLE_TESTABILITY = YES;
				GCC_C_LANGUAGE_STANDARD = gnu11;
				GCC_DYNAMIC_NO_PIC = NO;
				GCC_NO_COMMON_BLOCKS = YES;
				GCC_OPTIMIZATION_LEVEL = 0;
				GCC_PREPROCESSOR_DEFINITIONS = (
					"DEBUG=1",
					"$(inherited)",
				);
				GCC_WARN_64_TO_32_BIT_CONVERSION = YES;
				GCC_WARN_ABOUT_RETURN_TYPE = YES_ERROR;
				GCC_WARN_UNDECLARED_SELECTOR = YES;
				GCC_WARN_UNINITIALIZED_AUTOS = YES_AGGRESSIVE;
				GCC_WARN_UNUSED_FUNCTION = YES;
				GCC_WARN_UNUSED_VARIABLE = YES;
				MTL_ENABLE_DEBUG_INFO = INCLUDE_SOURCE;
				MTL_FAST_MATH = YES;
				ONLY_ACTIVE_ARCH = YES;
				PRODUCT_MODULE_NAME = InsightOutApp;
				SWIFT_ACTIVE_COMPILATION_CONDITIONS = DEBUG;
				SWIFT_OPTIMIZATION_LEVEL = "-Onone";
			};
			name = Debug;
		};
		7BA532E62735E64500CBE2C4 /* Release */ = {
			isa = XCBuildConfiguration;
			buildSettings = {
				ALWAYS_SEARCH_USER_PATHS = NO;
				CLANG_ANALYZER_NONNULL = YES;
				CLANG_ANALYZER_NUMBER_OBJECT_CONVERSION = YES_AGGRESSIVE;
				CLANG_CXX_LANGUAGE_STANDARD = "gnu++17";
				CLANG_CXX_LIBRARY = "libc++";
				CLANG_ENABLE_MODULES = YES;
				CLANG_ENABLE_OBJC_ARC = YES;
				CLANG_ENABLE_OBJC_WEAK = YES;
				CLANG_WARN_BLOCK_CAPTURE_AUTORELEASING = YES;
				CLANG_WARN_BOOL_CONVERSION = YES;
				CLANG_WARN_COMMA = YES;
				CLANG_WARN_CONSTANT_CONVERSION = YES;
				CLANG_WARN_DEPRECATED_OBJC_IMPLEMENTATIONS = YES;
				CLANG_WARN_DIRECT_OBJC_ISA_USAGE = YES_ERROR;
				CLANG_WARN_DOCUMENTATION_COMMENTS = YES;
				CLANG_WARN_EMPTY_BODY = YES;
				CLANG_WARN_ENUM_CONVERSION = YES;
				CLANG_WARN_INFINITE_RECURSION = YES;
				CLANG_WARN_INT_CONVERSION = YES;
				CLANG_WARN_NON_LITERAL_NULL_CONVERSION = YES;
				CLANG_WARN_OBJC_IMPLICIT_RETAIN_SELF = YES;
				CLANG_WARN_OBJC_LITERAL_CONVERSION = YES;
				CLANG_WARN_OBJC_ROOT_CLASS = YES_ERROR;
				CLANG_WARN_QUOTED_INCLUDE_IN_FRAMEWORK_HEADER = YES;
				CLANG_WARN_RANGE_LOOP_ANALYSIS = YES;
				CLANG_WARN_STRICT_PROTOTYPES = YES;
				CLANG_WARN_SUSPICIOUS_MOVE = YES;
				CLANG_WARN_UNGUARDED_AVAILABILITY = YES_AGGRESSIVE;
				CLANG_WARN_UNREACHABLE_CODE = YES;
				CLANG_WARN__DUPLICATE_METHOD_MATCH = YES;
				COPY_PHASE_STRIP = NO;
				DEBUG_INFORMATION_FORMAT = "dwarf-with-dsym";
				ENABLE_NS_ASSERTIONS = NO;
				ENABLE_STRICT_OBJC_MSGSEND = YES;
				GCC_C_LANGUAGE_STANDARD = gnu11;
				GCC_NO_COMMON_BLOCKS = YES;
				GCC_WARN_64_TO_32_BIT_CONVERSION = YES;
				GCC_WARN_ABOUT_RETURN_TYPE = YES_ERROR;
				GCC_WARN_UNDECLARED_SELECTOR = YES;
				GCC_WARN_UNINITIALIZED_AUTOS = YES_AGGRESSIVE;
				GCC_WARN_UNUSED_FUNCTION = YES;
				GCC_WARN_UNUSED_VARIABLE = YES;
				MTL_ENABLE_DEBUG_INFO = NO;
				MTL_FAST_MATH = YES;
				PRODUCT_MODULE_NAME = InsightOutApp;
				SWIFT_COMPILATION_MODE = wholemodule;
				SWIFT_OPTIMIZATION_LEVEL = "-O";
			};
			name = Release;
		};
		7BA532E82735E64500CBE2C4 /* Debug */ = {
			isa = XCBuildConfiguration;
			buildSettings = {
				ASSETCATALOG_COMPILER_APPICON_NAME = AppIcon;
				ASSETCATALOG_COMPILER_GLOBAL_ACCENT_COLOR_NAME = AccentColor;
				CODE_SIGN_STYLE = Automatic;
				CURRENT_PROJECT_VERSION = 1;
				DEVELOPMENT_TEAM = JAFM26WWR8;
				ENABLE_PREVIEWS = YES;
				GENERATE_INFOPLIST_FILE = YES;
				INFOPLIST_KEY_UIApplicationSceneManifest_Generation = YES;
				INFOPLIST_KEY_UIApplicationSupportsIndirectInputEvents = YES;
				INFOPLIST_KEY_UILaunchScreen_Generation = YES;
				INFOPLIST_KEY_UISupportedInterfaceOrientations_iPad = "UIInterfaceOrientationPortrait UIInterfaceOrientationPortraitUpsideDown UIInterfaceOrientationLandscapeLeft UIInterfaceOrientationLandscapeRight";
				INFOPLIST_KEY_UISupportedInterfaceOrientations_iPhone = "UIInterfaceOrientationPortrait UIInterfaceOrientationLandscapeLeft UIInterfaceOrientationLandscapeRight";
				IPHONEOS_DEPLOYMENT_TARGET = 14.0;
				LD_RUNPATH_SEARCH_PATHS = (
					"$(inherited)",
					"@executable_path/Frameworks",
				);
				MARKETING_VERSION = 1.0;
				PRODUCT_BUNDLE_IDENTIFIER = com.swiftuijam.InsightOut;
				PRODUCT_NAME = InsightOut;
				SDKROOT = iphoneos;
				SWIFT_EMIT_LOC_STRINGS = YES;
				SWIFT_VERSION = 5.0;
				TARGETED_DEVICE_FAMILY = "1,2";
			};
			name = Debug;
		};
		7BA532E92735E64500CBE2C4 /* Release */ = {
			isa = XCBuildConfiguration;
			buildSettings = {
				ASSETCATALOG_COMPILER_APPICON_NAME = AppIcon;
				ASSETCATALOG_COMPILER_GLOBAL_ACCENT_COLOR_NAME = AccentColor;
				CODE_SIGN_STYLE = Automatic;
				CURRENT_PROJECT_VERSION = 1;
				DEVELOPMENT_TEAM = JAFM26WWR8;
				ENABLE_PREVIEWS = YES;
				GENERATE_INFOPLIST_FILE = YES;
				INFOPLIST_KEY_UIApplicationSceneManifest_Generation = YES;
				INFOPLIST_KEY_UIApplicationSupportsIndirectInputEvents = YES;
				INFOPLIST_KEY_UILaunchScreen_Generation = YES;
				INFOPLIST_KEY_UISupportedInterfaceOrientations_iPad = "UIInterfaceOrientationPortrait UIInterfaceOrientationPortraitUpsideDown UIInterfaceOrientationLandscapeLeft UIInterfaceOrientationLandscapeRight";
				INFOPLIST_KEY_UISupportedInterfaceOrientations_iPhone = "UIInterfaceOrientationPortrait UIInterfaceOrientationLandscapeLeft UIInterfaceOrientationLandscapeRight";
				IPHONEOS_DEPLOYMENT_TARGET = 14.0;
				LD_RUNPATH_SEARCH_PATHS = (
					"$(inherited)",
					"@executable_path/Frameworks",
				);
				MARKETING_VERSION = 1.0;
				PRODUCT_BUNDLE_IDENTIFIER = com.swiftuijam.InsightOut;
				PRODUCT_NAME = InsightOut;
				SDKROOT = iphoneos;
				SWIFT_EMIT_LOC_STRINGS = YES;
				SWIFT_VERSION = 5.0;
				TARGETED_DEVICE_FAMILY = "1,2";
				VALIDATE_PRODUCT = YES;
			};
			name = Release;
		};
		7BA532EB2735E64500CBE2C4 /* Debug */ = {
			isa = XCBuildConfiguration;
			buildSettings = {
				ASSETCATALOG_COMPILER_APPICON_NAME = AppIcon;
				ASSETCATALOG_COMPILER_GLOBAL_ACCENT_COLOR_NAME = AccentColor;
				CODE_SIGN_ENTITLEMENTS = macOS/macOS.entitlements;
				CODE_SIGN_STYLE = Automatic;
				COMBINE_HIDPI_IMAGES = YES;
				CURRENT_PROJECT_VERSION = 1;
				ENABLE_PREVIEWS = YES;
				GENERATE_INFOPLIST_FILE = YES;
				INFOPLIST_KEY_NSHumanReadableCopyright = "";
				LD_RUNPATH_SEARCH_PATHS = (
					"$(inherited)",
					"@executable_path/../Frameworks",
				);
				MACOSX_DEPLOYMENT_TARGET = 11.0;
				MARKETING_VERSION = 1.0;
				PRODUCT_BUNDLE_IDENTIFIER = com.swiftuijam.InsightOut;
				PRODUCT_NAME = InsightOut;
				SDKROOT = macosx;
				SWIFT_EMIT_LOC_STRINGS = YES;
				SWIFT_VERSION = 5.0;
			};
			name = Debug;
		};
		7BA532EC2735E64500CBE2C4 /* Release */ = {
			isa = XCBuildConfiguration;
			buildSettings = {
				ASSETCATALOG_COMPILER_APPICON_NAME = AppIcon;
				ASSETCATALOG_COMPILER_GLOBAL_ACCENT_COLOR_NAME = AccentColor;
				CODE_SIGN_ENTITLEMENTS = macOS/macOS.entitlements;
				CODE_SIGN_STYLE = Automatic;
				COMBINE_HIDPI_IMAGES = YES;
				CURRENT_PROJECT_VERSION = 1;
				ENABLE_PREVIEWS = YES;
				GENERATE_INFOPLIST_FILE = YES;
				INFOPLIST_KEY_NSHumanReadableCopyright = "";
				LD_RUNPATH_SEARCH_PATHS = (
					"$(inherited)",
					"@executable_path/../Frameworks",
				);
				MACOSX_DEPLOYMENT_TARGET = 11.0;
				MARKETING_VERSION = 1.0;
				PRODUCT_BUNDLE_IDENTIFIER = com.swiftuijam.InsightOut;
				PRODUCT_NAME = InsightOut;
				SDKROOT = macosx;
				SWIFT_EMIT_LOC_STRINGS = YES;
				SWIFT_VERSION = 5.0;
			};
			name = Release;
		};
/* End XCBuildConfiguration section */

/* Begin XCConfigurationList section */
		7BA532CD2735E63D00CBE2C4 /* Build configuration list for PBXProject "InsightOut" */ = {
			isa = XCConfigurationList;
			buildConfigurations = (
				7BA532E52735E64500CBE2C4 /* Debug */,
				7BA532E62735E64500CBE2C4 /* Release */,
			);
			defaultConfigurationIsVisible = 0;
			defaultConfigurationName = Release;
		};
		7BA532E72735E64500CBE2C4 /* Build configuration list for PBXNativeTarget "InsightOut (iOS)" */ = {
			isa = XCConfigurationList;
			buildConfigurations = (
				7BA532E82735E64500CBE2C4 /* Debug */,
				7BA532E92735E64500CBE2C4 /* Release */,
			);
			defaultConfigurationIsVisible = 0;
			defaultConfigurationName = Release;
		};
		7BA532EA2735E64500CBE2C4 /* Build configuration list for PBXNativeTarget "InsightOut (macOS)" */ = {
			isa = XCConfigurationList;
			buildConfigurations = (
				7BA532EB2735E64500CBE2C4 /* Debug */,
				7BA532EC2735E64500CBE2C4 /* Release */,
			);
			defaultConfigurationIsVisible = 0;
			defaultConfigurationName = Release;
		};
/* End XCConfigurationList section */

/* Begin XCSwiftPackageProductDependency section */
		7BA532F3273604AE00CBE2C4 /* InsightOut */ = {
			isa = XCSwiftPackageProductDependency;
			productName = InsightOut;
		};
/* End XCSwiftPackageProductDependency section */
	};
	rootObject = 7BA532CA2735E63D00CBE2C4 /* Project object */;
}
